
Microsoft Visual Studio Solution File, Format Version 12.00
# Visual Studio 2017
Project("{FAE04EC0-301F-11D3-BF4B-00C04F79EFBC}") = "CodeInGame", "CodeInGame.csproj", "{0EAEA256-525A-45D0-9F45-D463B2AA2693}"
EndProject
Global
	GlobalSection(SolutionConfigurationPlatforms) = preSolution
		Debug|Any CPU = Debug|Any CPU
		Release|Any CPU = Release|Any CPU
	EndGlobalSection
	GlobalSection(ProjectConfigurationPlatforms) = postSolution
		{0EAEA256-525A-45D0-9F45-D463B2AA2693}.Debug|Any CPU.ActiveCfg = Debug|Any CPU
		{0EAEA256-525A-45D0-9F45-D463B2AA2693}.Debug|Any CPU.Build.0 = Debug|Any CPU
		{0EAEA256-525A-45D0-9F45-D463B2AA2693}.Release|Any CPU.ActiveCfg = Release|Any CPU
		{0EAEA256-525A-45D0-9F45-D463B2AA2693}.Release|Any CPU.Build.0 = Release|Any CPU
	EndGlobalSection
EndGlobal
